
Microsoft Visual Studio Solution File, Format Version 12.00
# Visual Studio Version 16
VisualStudioVersion = 16.0.29613.14
MinimumVisualStudioVersion = 10.0.40219.1
Project("{FAE04EC0-301F-11D3-BF4B-00C04F79EFBC}") = "Bikaficionado.Wpf", "Bikaficionado.Wpf\Bikaficionado.Wpf.csproj", "{6B380ED6-F7AE-47FF-B8F1-08015D2EE85E}"
EndProject
Project("{FAE04EC0-301F-11D3-BF4B-00C04F79EFBC}") = "Fietsen.Lib", "Fietsen.Lib\Fietsen.Lib.csproj", "{BA2DFF61-DF38-4A72-8068-14927F2B03C6}"
EndProject
Global
	GlobalSection(SolutionConfigurationPlatforms) = preSolution
		Debug|Any CPU = Debug|Any CPU
		Release|Any CPU = Release|Any CPU
	EndGlobalSection
	GlobalSection(ProjectConfigurationPlatforms) = postSolution
		{6B380ED6-F7AE-47FF-B8F1-08015D2EE85E}.Debug|Any CPU.ActiveCfg = Debug|Any CPU
		{6B380ED6-F7AE-47FF-B8F1-08015D2EE85E}.Debug|Any CPU.Build.0 = Debug|Any CPU
		{6B380ED6-F7AE-47FF-B8F1-08015D2EE85E}.Release|Any CPU.ActiveCfg = Release|Any CPU
		{6B380ED6-F7AE-47FF-B8F1-08015D2EE85E}.Release|Any CPU.Build.0 = Release|Any CPU
		{BA2DFF61-DF38-4A72-8068-14927F2B03C6}.Debug|Any CPU.ActiveCfg = Debug|Any CPU
		{BA2DFF61-DF38-4A72-8068-14927F2B03C6}.Debug|Any CPU.Build.0 = Debug|Any CPU
		{BA2DFF61-DF38-4A72-8068-14927F2B03C6}.Release|Any CPU.ActiveCfg = Release|Any CPU
		{BA2DFF61-DF38-4A72-8068-14927F2B03C6}.Release|Any CPU.Build.0 = Release|Any CPU
	EndGlobalSection
	GlobalSection(SolutionProperties) = preSolution
		HideSolutionNode = FALSE
	EndGlobalSection
	GlobalSection(ExtensibilityGlobals) = postSolution
		SolutionGuid = {4B99826F-21C6-4738-A3EC-5032CAF7E1D8}
	EndGlobalSection
EndGlobal
